
Microsoft Visual Studio Solution File, Format Version 12.00
# Visual Studio Version 17
VisualStudioVersion = 17.9.34607.119
MinimumVisualStudioVersion = 10.0.40219.1
Project("{FAE04EC0-301F-11D3-BF4B-00C04F79EFBC}") = "TLopushok", "TLopushok\TLopushok.csproj", "{5699FCA5-C80F-45A2-9AB9-30906C17C22A}"
EndProject
Global
	GlobalSection(SolutionConfigurationPlatforms) = preSolution
		Debug|Any CPU = Debug|Any CPU
		Release|Any CPU = Release|Any CPU
	EndGlobalSection
	GlobalSection(ProjectConfigurationPlatforms) = postSolution
		{5699FCA5-C80F-45A2-9AB9-30906C17C22A}.Debug|Any CPU.ActiveCfg = Debug|Any CPU
		{5699FCA5-C80F-45A2-9AB9-30906C17C22A}.Debug|Any CPU.Build.0 = Debug|Any CPU
		{5699FCA5-C80F-45A2-9AB9-30906C17C22A}.Release|Any CPU.ActiveCfg = Release|Any CPU
		{5699FCA5-C80F-45A2-9AB9-30906C17C22A}.Release|Any CPU.Build.0 = Release|Any CPU
	EndGlobalSection
	GlobalSection(SolutionProperties) = preSolution
		HideSolutionNode = FALSE
	EndGlobalSection
	GlobalSection(ExtensibilityGlobals) = postSolution
		SolutionGuid = {CC2840C6-FA94-472F-92F1-4B2AD9E99D1A}
	EndGlobalSection
EndGlobal
